
Microsoft Visual Studio Solution File, Format Version 12.00
# Visual Studio Version 16
VisualStudioVersion = 16.0.30320.27
MinimumVisualStudioVersion = 10.0.40219.1
Project("{9A19103F-16F7-4668-BE54-9A1E7A4F7556}") = "DevelopmentStatusUpdater", "DevelopmentStatusUpdater\DevelopmentStatusUpdater.csproj", "{F6E2FA86-16EF-4B69-9919-90A012DE19E0}"
EndProject
Project("{FAE04EC0-301F-11D3-BF4B-00C04F79EFBC}") = "RandomGeneratorUnitTest", "RandomGeneratorUnitTest\RandomGeneratorUnitTest.csproj", "{52CDBABB-DCEA-4AEC-A851-42429FBEF8A2}"
EndProject
Global
	GlobalSection(SolutionConfigurationPlatforms) = preSolution
		Debug|Any CPU = Debug|Any CPU
		Release|Any CPU = Release|Any CPU
	EndGlobalSection
	GlobalSection(ProjectConfigurationPlatforms) = postSolution
		{F6E2FA86-16EF-4B69-9919-90A012DE19E0}.Debug|Any CPU.ActiveCfg = Debug|Any CPU
		{F6E2FA86-16EF-4B69-9919-90A012DE19E0}.Debug|Any CPU.Build.0 = Debug|Any CPU
		{F6E2FA86-16EF-4B69-9919-90A012DE19E0}.Release|Any CPU.ActiveCfg = Release|Any CPU
		{F6E2FA86-16EF-4B69-9919-90A012DE19E0}.Release|Any CPU.Build.0 = Release|Any CPU
		{52CDBABB-DCEA-4AEC-A851-42429FBEF8A2}.Debug|Any CPU.ActiveCfg = Debug|Any CPU
		{52CDBABB-DCEA-4AEC-A851-42429FBEF8A2}.Debug|Any CPU.Build.0 = Debug|Any CPU
		{52CDBABB-DCEA-4AEC-A851-42429FBEF8A2}.Release|Any CPU.ActiveCfg = Release|Any CPU
		{52CDBABB-DCEA-4AEC-A851-42429FBEF8A2}.Release|Any CPU.Build.0 = Release|Any CPU
	EndGlobalSection
	GlobalSection(SolutionProperties) = preSolution
		HideSolutionNode = FALSE
	EndGlobalSection
	GlobalSection(ExtensibilityGlobals) = postSolution
		SolutionGuid = {8C2D2FCD-C991-43A2-9066-7FC85307EC11}
	EndGlobalSection
EndGlobal
